
Microsoft Visual Studio Solution File, Format Version 12.00
# Visual Studio Version 17
VisualStudioVersion = 17.0.32112.339
MinimumVisualStudioVersion = 10.0.40219.1
Project("{FAE04EC0-301F-11D3-BF4B-00C04F79EFBC}") = "FanSet", "FanSet\FanSet.csproj", "{9EA5EA61-9476-41AD-9AE3-381C0422881E}"
EndProject
Global
	GlobalSection(SolutionConfigurationPlatforms) = preSolution
		Debug|Any CPU = Debug|Any CPU
		Release|Any CPU = Release|Any CPU
	EndGlobalSection
	GlobalSection(ProjectConfigurationPlatforms) = postSolution
		{9EA5EA61-9476-41AD-9AE3-381C0422881E}.Debug|Any CPU.ActiveCfg = Debug|Any CPU
		{9EA5EA61-9476-41AD-9AE3-381C0422881E}.Debug|Any CPU.Build.0 = Debug|Any CPU
		{9EA5EA61-9476-41AD-9AE3-381C0422881E}.Release|Any CPU.ActiveCfg = Release|Any CPU
		{9EA5EA61-9476-41AD-9AE3-381C0422881E}.Release|Any CPU.Build.0 = Release|Any CPU
	EndGlobalSection
	GlobalSection(SolutionProperties) = preSolution
		HideSolutionNode = FALSE
	EndGlobalSection
	GlobalSection(ExtensibilityGlobals) = postSolution
		SolutionGuid = {6C863902-4E0A-4B41-A351-702DF3DFEF20}
	EndGlobalSection
EndGlobal
